
Microsoft Visual Studio Solution File, Format Version 12.00
# Visual Studio Version 17
VisualStudioVersion = 17.8.34525.116
MinimumVisualStudioVersion = 10.0.40219.1
Project("{9A19103F-16F7-4668-BE54-9A1E7A4F7556}") = "trayprojeto45", "trayprojeto45.csproj", "{083032F5-9409-472D-AC41-E7D4BD20F8CA}"
EndProject
Global
	GlobalSection(SolutionConfigurationPlatforms) = preSolution
		Debug|Any CPU = Debug|Any CPU
		Release|Any CPU = Release|Any CPU
	EndGlobalSection
	GlobalSection(ProjectConfigurationPlatforms) = postSolution
		{083032F5-9409-472D-AC41-E7D4BD20F8CA}.Debug|Any CPU.ActiveCfg = Debug|Any CPU
		{083032F5-9409-472D-AC41-E7D4BD20F8CA}.Debug|Any CPU.Build.0 = Debug|Any CPU
		{083032F5-9409-472D-AC41-E7D4BD20F8CA}.Release|Any CPU.ActiveCfg = Release|Any CPU
		{083032F5-9409-472D-AC41-E7D4BD20F8CA}.Release|Any CPU.Build.0 = Release|Any CPU
	EndGlobalSection
	GlobalSection(SolutionProperties) = preSolution
		HideSolutionNode = FALSE
	EndGlobalSection
	GlobalSection(ExtensibilityGlobals) = postSolution
		SolutionGuid = {2B479FA5-2F86-4A39-BFD7-01C42806502F}
	EndGlobalSection
EndGlobal
